PODS:
  - Flutter (1.0.0)
  - zoom_allinonesdk (0.0.1):
    - Flutter

DEPENDENCIES:
  - Flutter (from `Flutter`)
  - zoom_allinonesdk (from `.symlinks/plugins/zoom_allinonesdk/ios`)

EXTERNAL SOURCES:
  Flutter:
    :path: Flutter
  zoom_allinonesdk:
    :path: ".symlinks/plugins/zoom_allinonesdk/ios"

SPEC CHECKSUMS:
  Flutter: f04841e97a9d0b0a8025694d0796dd46242b2854
  zoom_allinonesdk: 9c30cd113f28d06f4ee61a2d2190cc98d336ee22

PODFILE CHECKSUM: c64f963f8da334e55044cf867c3ac33423cdcd9f

COCOAPODS: 1.14.3
